
Microsoft Visual Studio Solution File, Format Version 12.00
# Visual Studio Version 17
VisualStudioVersion = 17.10.34916.146
MinimumVisualStudioVersion = 10.0.40219.1
Project("{FAE04EC0-301F-11D3-BF4B-00C04F79EFBC}") = "WebApiNet5", "WebApiNet5\WebApiNet5.csproj", "{D74E15AF-49EB-4961-AFB6-049E88B3C850}"
EndProject
Global
	GlobalSection(SolutionConfigurationPlatforms) = preSolution
		Debug|Any CPU = Debug|Any CPU
		Release|Any CPU = Release|Any CPU
	EndGlobalSection
	GlobalSection(ProjectConfigurationPlatforms) = postSolution
		{D74E15AF-49EB-4961-AFB6-049E88B3C850}.Debug|Any CPU.ActiveCfg = Debug|Any CPU
		{D74E15AF-49EB-4961-AFB6-049E88B3C850}.Debug|Any CPU.Build.0 = Debug|Any CPU
		{D74E15AF-49EB-4961-AFB6-049E88B3C850}.Release|Any CPU.ActiveCfg = Release|Any CPU
		{D74E15AF-49EB-4961-AFB6-049E88B3C850}.Release|Any CPU.Build.0 = Release|Any CPU
	EndGlobalSection
	GlobalSection(SolutionProperties) = preSolution
		HideSolutionNode = FALSE
	EndGlobalSection
	GlobalSection(ExtensibilityGlobals) = postSolution
		SolutionGuid = {04B1592E-FF61-494F-A4E8-BB47841C5DCD}
	EndGlobalSection
EndGlobal
